{
  "nodes": {
    "nixpkgs": {
      "locked": {
        "lastModified": 1655034456,
        "narHash": "sha256-HXXyvGqZLa+2u8IPIRm/uNQiw+gBtTNu58YaXMJtKRc=",
        "owner": "NixOS",
        "repo": "nixpkgs",
        "rev": "72b1ec0a79b1fc50f6cc0694c2f0b1eb384a932e",
        "type": "github"
      },
      "original": {
        "owner": "NixOS",
        "ref": "nixpkgs-unstable",
        "repo": "nixpkgs",
        "type": "github"
      }
    },
    "root": {
      "inputs": {
        "nixpkgs": "nixpkgs"
      }
    }
  },
  "root": "root",
  "version": 7
}
